<?xml version="1.0" encoding="utf-8"?>
<Project ToolsVersion="4.0" xmlns="http://schemas.microsoft.com/developer/msbuild/2003">
  <ItemGroup>
    <Filter Include="Source Files">
      <UniqueIdentifier>{4FC737F1-C7A5-4376-A066-2A32D752A2FF}</UniqueIdentifier>
      <Extensions>cpp;c;cc;cxx;def;odl;idl;hpj;bat;asm;asmx</Extensions>
    </Filter>
    <Filter Include="Header Files">
      <UniqueIdentifier>{93995380-89BD-4b04-88EB-625FBE52EBFB}</UniqueIdentifier>
      <Extensions>h;hh;hpp;hxx;hm;inl;inc;ipp;xsd</Extensions>
    </Filter>
    <Filter Include="Resource Files">
      <UniqueIdentifier>{67DA6AB6-F800-4c08-8B7A-83BB121AAD01}</UniqueIdentifier>
      <Extensions>rc;ico;cur;bmp;dlg;rc2;rct;bin;rgs;gif;jpg;jpeg;jpe;resx;tiff;tif;png;wav;mfcribbon-ms</Extensions>
    </Filter>
    <Filter Include="Header Files\abstracts">
      <UniqueIdentifier>{3fd128f5-8a6f-4eed-b9e4-f57930419c9d}</UniqueIdentifier>
    </Filter>
    <Filter Include="Header Files\enums">
      <UniqueIdentifier>{a896505d-88ae-4aee-a319-30523427e294}</UniqueIdentifier>
    </Filter>
    <Filter Include="Header Files\implementations">
      <UniqueIdentifier>{f48d7284-6435-492d-b994-e8c95924a7d6}</UniqueIdentifier>
    </Filter>
    <Filter Include="Source Files\implementations">
      <UniqueIdentifier>{8b123f04-de19-4188-abd9-ecaf32560f42}</UniqueIdentifier>
    </Filter>
    <Filter Include="Source Files\external_dependencies">
      <UniqueIdentifier>{317e5011-3f96-4c01-9b17-8dc6ad4f26c6}</UniqueIdentifier>
    </Filter>
    <Filter Include="Header Files\external_dependencies">
      <UniqueIdentifier>{96b7ecd0-e52d-4df4-b37b-9fc08f5a13c2}</UniqueIdentifier>
    </Filter>
  </ItemGroup>
  <ItemGroup>
    <ClInclude Include="stdafx.h">
      <Filter>Header Files</Filter>
    </ClInclude>
    <ClInclude Include="hash_algorithm_type.h">
      <Filter>Header Files\enums</Filter>
    </ClInclude>
    <ClInclude Include="hash_algorithm.h">
      <Filter>Header Files\abstracts</Filter>
    </ClInclude>
    <ClInclude Include="hash_helper.h">
      <Filter>Header Files</Filter>
    </ClInclude>
    <ClInclude Include="sha256_hash_algorithm.h">
      <Filter>Header Files\implementations</Filter>
    </ClInclude>
    <ClInclude Include="sha256.h">
      <Filter>Header Files\external_dependencies</Filter>
    </ClInclude>
  </ItemGroup>
  <ItemGroup>
    <ClCompile Include="stdafx.cpp">
      <Filter>Source Files</Filter>
    </ClCompile>
    <ClCompile Include="hash_helper.cpp">
      <Filter>Source Files</Filter>
    </ClCompile>
    <ClCompile Include="sha256_hash_algorithm.cpp">
      <Filter>Source Files\implementations</Filter>
    </ClCompile>
    <ClCompile Include="sha256.cpp">
      <Filter>Source Files\external_dependencies</Filter>
    </ClCompile>
  </ItemGroup>
</Project>